
Microsoft Visual Studio Solution File, Format Version 12.00
# Visual Studio Version 17
VisualStudioVersion = 17.5.33402.96
MinimumVisualStudioVersion = 10.0.40219.1
Project("{FAE04EC0-301F-11D3-BF4B-00C04F79EFBC}") = "AssistMe", "AssistMe.csproj", "{8893E244-4044-4DD0-AD8A-F404353BC476}"
EndProject
Global
	GlobalSection(SolutionConfigurationPlatforms) = preSolution
		Debug|Any CPU = Debug|Any CPU
		Release|Any CPU = Release|Any CPU
	EndGlobalSection
	GlobalSection(ProjectConfigurationPlatforms) = postSolution
		{8893E244-4044-4DD0-AD8A-F404353BC476}.Debug|Any CPU.ActiveCfg = Debug|Any CPU
		{8893E244-4044-4DD0-AD8A-F404353BC476}.Debug|Any CPU.Build.0 = Debug|Any CPU
		{8893E244-4044-4DD0-AD8A-F404353BC476}.Release|Any CPU.ActiveCfg = Release|Any CPU
		{8893E244-4044-4DD0-AD8A-F404353BC476}.Release|Any CPU.Build.0 = Release|Any CPU
	EndGlobalSection
	GlobalSection(SolutionProperties) = preSolution
		HideSolutionNode = FALSE
	EndGlobalSection
	GlobalSection(ExtensibilityGlobals) = postSolution
		SolutionGuid = {D719B1C2-7C45-4189-9D1B-B3B3AED82459}
	EndGlobalSection
EndGlobal
